{
    "_meta": {
        "hash": {
            "sha256": "0986ecb66e5df0e3f96e61135b4daeddcbc1a04530a258c68e01724a3b6e69c6"
        },
        "pipfile-spec": 6,
        "requires": {
            "python_version": "3.7"
        },
        "sources": [
            {
                "name": "pypi",
                "url": "https://pypi.org/simple",
                "verify_ssl": true
            }
        ]
    },
    "default": {
        "art": {
            "hashes": [
                "sha256:48c7015d08371bb21f37e34c7f361592c9d2bdad593722ba78051dd19aaac9a3",
                "sha256:945b8b99a03fcb7765adecbc39b5c1c50674b1d7bc4c2fa34138ca6007314faf"
            ],
            "index": "pypi",
            "version": "==2.4"
        },
        "boto3": {
            "hashes": [
                "sha256:5309911de97b5646a6b7298a377db9390a73b222acd200965dce978c457211c7",
                "sha256:9b5e2d92c705e65a5c09c189cc40456b813d25562f90b426daa2a8119234fa0c"
            ],
            "index": "pypi",
            "version": "==1.9.34"
        },
        "botocore": {
            "hashes": [
                "sha256:3baf129118575602ada9926f5166d82d02273c250d0feb313fc270944b27c48b",
                "sha256:dc080aed4f9b220a9e916ca29ca97a9d37e8e1d296fe89cbaeef929bf0c8066b"
            ],
            "version": "==1.12.253"
        },
        "certifi": {
            "hashes": [
                "sha256:84c85a9078b11105f04f3036a9482ae10e4621616db313fe045dd24743a0820d",
                "sha256:fe86415d55e84719d75f8b69414f6438ac3547d2078ab91b67e779ef69378412"
            ],
            "markers": "python_version >= '3.6'",
            "version": "==2022.6.15"
        },
        "chardet": {
            "hashes": [
                "sha256:84ab92ed1c4d4f16916e05906b6b75a6c0fb5db821cc65e70cbd64a3e2a5eaae",
                "sha256:fc323ffcaeaed0e0a02bf4d117757b98aed530d9ed4531e3e15460124c106691"
            ],
            "version": "==3.0.4"
        },
        "codecov": {
            "hashes": [
                "sha256:38b32934e759a29313382287f59986f25613708f60760c88d31e956399bbeffe",
                "sha256:4cf93c30cc1ddb6d7414fce0a45816889499c3febc8bbbc24f1cd1936a804087"
            ],
            "index": "pypi",
            "version": "==2.0.16"
        },
        "coverage": {
            "hashes": [
                "sha256:0895ea6e6f7f9939166cc835df8fa4599e2d9b759b02d1521b574e13b859ac32",
                "sha256:0f211df2cba951ffcae210ee00e54921ab42e2b64e0bf2c0befc977377fb09b7",
                "sha256:147605e1702d996279bb3cc3b164f408698850011210d133a2cb96a73a2f7996",
                "sha256:24b04d305ea172ccb21bee5bacd559383cba2c6fcdef85b7701cf2de4188aa55",
                "sha256:25b7ec944f114f70803d6529394b64f8749e93cbfac0fe6c5ea1b7e6c14e8a46",
                "sha256:2b20286c2b726f94e766e86a3fddb7b7e37af5d0c635bdfa7e4399bc523563de",
                "sha256:2dff52b3e7f76ada36f82124703f4953186d9029d00d6287f17c68a75e2e6039",
                "sha256:2f8553878a24b00d5ab04b7a92a2af50409247ca5c4b7a2bf4eabe94ed20d3ee",
                "sha256:3def6791adf580d66f025223078dc84c64696a26f174131059ce8e91452584e1",
                "sha256:422fa44070b42fef9fb8dabd5af03861708cdd6deb69463adc2130b7bf81332f",
                "sha256:4f89d8e03c8a3757aae65570d14033e8edf192ee9298303db15955cadcff0c63",
                "sha256:5336e0352c0b12c7e72727d50ff02557005f79a0b8dcad9219c7c4940a930083",
                "sha256:54d8d0e073a7f238f0666d3c7c0d37469b2aa43311e4024c925ee14f5d5a1cbe",
                "sha256:5ef42e1db047ca42827a85e34abe973971c635f83aed49611b7f3ab49d0130f0",
                "sha256:5f65e5d3ff2d895dab76b1faca4586b970a99b5d4b24e9aafffc0ce94a6022d6",
                "sha256:6c3ccfe89c36f3e5b9837b9ee507472310164f352c9fe332120b764c9d60adbe",
                "sha256:6d0b48aff8e9720bdec315d67723f0babd936a7211dc5df453ddf76f89c59933",
                "sha256:6fe75dcfcb889b6800f072f2af5a331342d63d0c1b3d2bf0f7b4f6c353e8c9c0",
                "sha256:79419370d6a637cb18553ecb25228893966bd7935a9120fa454e7076f13b627c",
                "sha256:7bb00521ab4f99fdce2d5c05a91bddc0280f0afaee0e0a00425e28e209d4af07",
                "sha256:80db4a47a199c4563d4a25919ff29c97c87569130375beca3483b41ad5f698e8",
                "sha256:866ebf42b4c5dbafd64455b0a1cd5aa7b4837a894809413b930026c91e18090b",
                "sha256:8af6c26ba8df6338e57bedbf916d76bdae6308e57fc8f14397f03b5da8622b4e",
                "sha256:a13772c19619118903d65a91f1d5fea84be494d12fd406d06c849b00d31bf120",
                "sha256:a697977157adc052284a7160569b36a8bbec09db3c3220642e6323b47cec090f",
                "sha256:a9032f9b7d38bdf882ac9f66ebde3afb8145f0d4c24b2e600bc4c6304aafb87e",
                "sha256:b5e28db9199dd3833cc8a07fa6cf429a01227b5d429facb56eccd765050c26cd",
                "sha256:c77943ef768276b61c96a3eb854eba55633c7a3fddf0a79f82805f232326d33f",
                "sha256:d230d333b0be8042ac34808ad722eabba30036232e7a6fb3e317c49f61c93386",
                "sha256:d4548be38a1c810d79e097a38107b6bf2ff42151900e47d49635be69943763d8",
                "sha256:d4e7ced84a11c10160c0697a6cc0b214a5d7ab21dfec1cd46e89fbf77cc66fae",
                "sha256:d56f105592188ce7a797b2bd94b4a8cb2e36d5d9b0d8a1d2060ff2a71e6b9bbc",
                "sha256:d714af0bdba67739598849c9f18efdcc5a0412f4993914a0ec5ce0f1e864d783",
                "sha256:d774d9e97007b018a651eadc1b3970ed20237395527e22cbeb743d8e73e0563d",
                "sha256:e0524adb49c716ca763dbc1d27bedce36b14f33e6b8af6dba56886476b42957c",
                "sha256:e2618cb2cf5a7cc8d698306e42ebcacd02fb7ef8cfc18485c59394152c70be97",
                "sha256:e36750fbbc422c1c46c9d13b937ab437138b998fe74a635ec88989afb57a3978",
                "sha256:edfdabe7aa4f97ed2b9dd5dde52d2bb29cb466993bb9d612ddd10d0085a683cf",
                "sha256:f22325010d8824594820d6ce84fa830838f581a7fd86a9235f0d2ed6deb61e29",
                "sha256:f23876b018dfa5d3e98e96f5644b109090f16a4acb22064e0f06933663005d39",
                "sha256:f7bd0ffbcd03dc39490a1f40b2669cc414fae0c4e16b77bb26806a4d0b7d1452"
            ],
            "markers": "python_version >= '3.7'",
            "version": "==6.4.2"
        },
        "docutils": {
            "hashes": [
                "sha256:6c4f696463b79f1fb8ba0c594b63840ebd41f059e92b31957c46b74a4599b6d0",
                "sha256:9e4d7ecfc600058e07ba661411a2b7de2fd0fafa17d1a7f7361cd47b1175c827",
                "sha256:a2aeea129088da402665e92e0b25b04b073c04b2dce4ab65caaa38b7ce2e1a99"
            ],
            "markers": "python_version >= '2.6' and python_version not in '3.0, 3.1, 3.2, 3.3'",
            "version": "==0.15.2"
        },
        "idna": {
            "hashes": [
                "sha256:156a6814fb5ac1fc6850fb002e0852d56c0c8d2531923a51032d1b70760e186e",
                "sha256:684a38a6f903c1d71d6d5fac066b58d7768af4de2b832e426ec79c30daa94a16"
            ],
            "version": "==2.7"
        },
        "jmespath": {
            "hashes": [
                "sha256:b85d0567b8666149a93172712e68920734333c0ce7e89b78b3e987f71e5ed4f9",
                "sha256:cdf6525904cc597730141d61b36f2e4b8ecc257c420fa2f4549bac2c2d0cb72f"
            ],
            "markers": "python_version >= '2.6' and python_version not in '3.0, 3.1, 3.2, 3.3'",
            "version": "==0.10.0"
        },
        "picamera": {
            "hashes": [
                "sha256:890815aa01e4d855a6a95dd3ad0953b872a6b954982106407df0c5a31a163e50"
            ],
            "index": "pypi",
            "version": "==1.13"
        },
        "python-dateutil": {
            "hashes": [
                "sha256:0123cacc1627ae19ddf3c27a5de5bd67ee4586fbdd6440d9748f8abb483d3e86",
                "sha256:961d03dc3453ebbc59dbdea9e4e11c5651520a876d0f4db161e8674aae935da9"
            ],
            "markers": "python_version >= '2.7'",
            "version": "==2.8.2"
        },
        "requests": {
            "hashes": [
                "sha256:99dcfdaaeb17caf6e526f32b6a7b780461512ab3f1d992187801694cba42770c",
                "sha256:a84b8c9ab6239b578f22d1c21d51b696dcfe004032bb80ea832398d6909d7279"
            ],
            "index": "pypi",
            "version": "==2.20.0"
        },
        "s3transfer": {
            "hashes": [
                "sha256:90dc18e028989c609146e241ea153250be451e05ecc0c2832565231dacdf59c1",
                "sha256:c7a9ec356982d5e9ab2d4b46391a7d6a950e2b04c472419f5fdec70cc0ada72f"
            ],
            "version": "==0.1.13"
        },
        "six": {
            "hashes": [
                "sha256:1e61c37477a1626458e36f7b1d82aa5c9b094fa4802892072e49de9c60c4c926",
                "sha256:8abb2f1d86890a2dfb989f9a77cfcfd3e47c2a354b01111771326f8aa26e0254"
            ],
            "markers": "python_version >= '2.7' and python_version not in '3.0, 3.1, 3.2, 3.3'",
            "version": "==1.16.0"
        },
        "urllib3": {
            "hashes": [
                "sha256:2393a695cd12afedd0dcb26fe5d50d0cf248e5a66f75dbd89a3d4eb333a61af4",
                "sha256:a637e5fae88995b256e3409dc4d52c2e2e0ba32c42a6365fee8bbd2238de3cfb"
            ],
            "markers": "python_version >= '2.7' and python_version not in '3.0, 3.1, 3.2, 3.3' and python_version < '4'",
            "version": "==1.24.3"
        }
    },
    "develop": {}
}
